
Microsoft Visual Studio Solution File, Format Version 12.00
# Visual Studio 15
VisualStudioVersion = 15.0.26730.16
MinimumVisualStudioVersion = 10.0.40219.1
Project("{FAE04EC0-301F-11D3-BF4B-00C04F79EFBC}") = "PracticaBaseDatos.Android", "PracticaBaseDatos\PracticaBaseDatos.Android\PracticaBaseDatos.Android.csproj", "{FE43EDA4-4DA8-4AA5-8195-0848F79F8380}"
EndProject
Project("{FAE04EC0-301F-11D3-BF4B-00C04F79EFBC}") = "PracticaBaseDatos", "PracticaBaseDatos\PracticaBaseDatos\PracticaBaseDatos.csproj", "{26E7B6DD-AAF4-476F-9823-60C0C45EB52A}"
EndProject
Project("{FAE04EC0-301F-11D3-BF4B-00C04F79EFBC}") = "PracticaBaseDatos.UWP", "PracticaBaseDatos\PracticaBaseDatos.UWP\PracticaBaseDatos.UWP.csproj", "{BCC29EA9-8667-4631-85DF-D5C07771D3EB}"
EndProject
Project("{FAE04EC0-301F-11D3-BF4B-00C04F79EFBC}") = "PracticaBaseDatos.iOS", "PracticaBaseDatos\PracticaBaseDatos.iOS\PracticaBaseDatos.iOS.csproj", "{7FB320DD-C8C0-4F94-949D-1C32C1795E86}"
EndProject
Global
	GlobalSection(SolutionConfigurationPlatforms) = preSolution
		Ad-Hoc|Any CPU = Ad-Hoc|Any CPU
		Ad-Hoc|ARM = Ad-Hoc|ARM
		Ad-Hoc|iPhone = Ad-Hoc|iPhone
		Ad-Hoc|iPhoneSimulator = Ad-Hoc|iPhoneSimulator
		Ad-Hoc|x64 = Ad-Hoc|x64
		Ad-Hoc|x86 = Ad-Hoc|x86
		AppStore|Any CPU = AppStore|Any CPU
		AppStore|ARM = AppStore|ARM
		AppStore|iPhone = AppStore|iPhone
		AppStore|iPhoneSimulator = AppStore|iPhoneSimulator
		AppStore|x64 = AppStore|x64
		AppStore|x86 = AppStore|x86
		Debug|Any CPU = Debug|Any CPU
		Debug|ARM = Debug|ARM
		Debug|iPhone = Debug|iPhone
		Debug|iPhoneSimulator = Debug|iPhoneSimulator
		Debug|x64 = Debug|x64
		Debug|x86 = Debug|x86
		Release|Any CPU = Release|Any CPU
		Release|ARM = Release|ARM
		Release|iPhone = Release|iPhone
		Release|iPhoneSimulator = Release|iPhoneSimulator
		Release|x64 = Release|x64
		Release|x86 = Release|x86
	EndGlobalSection
	GlobalSection(ProjectConfigurationPlatforms) = postSolution
		{FE43EDA4-4DA8-4AA5-8195-0848F79F8380}.Ad-Hoc|Any CPU.ActiveCfg = Release|Any CPU
		{FE43EDA4-4DA8-4AA5-8195-0848F79F8380}.Ad-Hoc|Any CPU.Build.0 = Release|Any CPU
		{FE43EDA4-4DA8-4AA5-8195-0848F79F8380}.Ad-Hoc|Any CPU.Deploy.0 = Release|Any CPU
		{FE43EDA4-4DA8-4AA5-8195-0848F79F8380}.Ad-Hoc|ARM.ActiveCfg = Release|Any CPU
		{FE43EDA4-4DA8-4AA5-8195-0848F79F8380}.Ad-Hoc|ARM.Build.0 = Release|Any CPU
		{FE43EDA4-4DA8-4AA5-8195-0848F79F8380}.Ad-Hoc|ARM.Deploy.0 = Release|Any CPU
		{FE43EDA4-4DA8-4AA5-8195-0848F79F8380}.Ad-Hoc|iPhone.ActiveCfg = Release|Any CPU
		{FE43EDA4-4DA8-4AA5-8195-0848F79F8380}.Ad-Hoc|iPhone.Build.0 = Release|Any CPU
		{FE43EDA4-4DA8-4AA5-8195-0848F79F8380}.Ad-Hoc|iPhone.Deploy.0 = Release|Any CPU
		{FE43EDA4-4DA8-4AA5-8195-0848F79F8380}.Ad-Hoc|iPhoneSimulator.ActiveCfg = Release|Any CPU
		{FE43EDA4-4DA8-4AA5-8195-0848F79F8380}.Ad-Hoc|iPhoneSimulator.Build.0 = Release|Any CPU
		{FE43EDA4-4DA8-4AA5-8195-0848F79F8380}.Ad-Hoc|iPhoneSimulator.Deploy.0 = Release|Any CPU
		{FE43EDA4-4DA8-4AA5-8195-0848F79F8380}.Ad-Hoc|x64.ActiveCfg = Release|Any CPU
		{FE43EDA4-4DA8-4AA5-8195-0848F79F8380}.Ad-Hoc|x64.Build.0 = Release|Any CPU
		{FE43EDA4-4DA8-4AA5-8195-0848F79F8380}.Ad-Hoc|x64.Deploy.0 = Release|Any CPU
		{FE43EDA4-4DA8-4AA5-8195-0848F79F8380}.Ad-Hoc|x86.ActiveCfg = Release|Any CPU
		{FE43EDA4-4DA8-4AA5-8195-0848F79F8380}.Ad-Hoc|x86.Build.0 = Release|Any CPU
		{FE43EDA4-4DA8-4AA5-8195-0848F79F8380}.Ad-Hoc|x86.Deploy.0 = Release|Any CPU
		{FE43EDA4-4DA8-4AA5-8195-0848F79F8380}.AppStore|Any CPU.ActiveCfg = Release|Any CPU
		{FE43EDA4-4DA8-4AA5-8195-0848F79F8380}.AppStore|Any CPU.Build.0 = Release|Any CPU
		{FE43EDA4-4DA8-4AA5-8195-0848F79F8380}.AppStore|Any CPU.Deploy.0 = Release|Any CPU
		{FE43EDA4-4DA8-4AA5-8195-0848F79F8380}.AppStore|ARM.ActiveCfg = Release|Any CPU
		{FE43EDA4-4DA8-4AA5-8195-0848F79F8380}.AppStore|ARM.Build.0 = Release|Any CPU
		{FE43EDA4-4DA8-4AA5-8195-0848F79F8380}.AppStore|ARM.Deploy.0 = Release|Any CPU
		{FE43EDA4-4DA8-4AA5-8195-0848F79F8380}.AppStore|iPhone.ActiveCfg = Release|Any CPU
		{FE43EDA4-4DA8-4AA5-8195-0848F79F8380}.AppStore|iPhone.Build.0 = Release|Any CPU
		{FE43EDA4-4DA8-4AA5-8195-0848F79F8380}.AppStore|iPhone.Deploy.0 = Release|Any CPU
		{FE43EDA4-4DA8-4AA5-8195-0848F79F8380}.AppStore|iPhoneSimulator.ActiveCfg = Release|Any CPU
		{FE43EDA4-4DA8-4AA5-8195-0848F79F8380}.AppStore|iPhoneSimulator.Build.0 = Release|Any CPU
		{FE43EDA4-4DA8-4AA5-8195-0848F79F8380}.AppStore|iPhoneSimulator.Deploy.0 = Release|Any CPU
		{FE43EDA4-4DA8-4AA5-8195-0848F79F8380}.AppStore|x64.ActiveCfg = Release|Any CPU
		{FE43EDA4-4DA8-4AA5-8195-0848F79F8380}.AppStore|x64.Build.0 = Release|Any CPU
		{FE43EDA4-4DA8-4AA5-8195-0848F79F8380}.AppStore|x64.Deploy.0 = Release|Any CPU
		{FE43EDA4-4DA8-4AA5-8195-0848F79F8380}.AppStore|x86.ActiveCfg = Release|Any CPU
		{FE43EDA4-4DA8-4AA5-8195-0848F79F8380}.AppStore|x86.Build.0 = Release|Any CPU
		{FE43EDA4-4DA8-4AA5-8195-0848F79F8380}.AppStore|x86.Deploy.0 = Release|Any CPU
		{FE43EDA4-4DA8-4AA5-8195-0848F79F8380}.Debug|Any CPU.ActiveCfg = Debug|Any CPU
		{FE43EDA4-4DA8-4AA5-8195-0848F79F8380}.Debug|Any CPU.Build.0 = Debug|Any CPU
		{FE43EDA4-4DA8-4AA5-8195-0848F79F8380}.Debug|Any CPU.Deploy.0 = Debug|Any CPU
		{FE43EDA4-4DA8-4AA5-8195-0848F79F8380}.Debug|ARM.ActiveCfg = Debug|Any CPU
		{FE43EDA4-4DA8-4AA5-8195-0848F79F8380}.Debug|ARM.Build.0 = Debug|Any CPU
		{FE43EDA4-4DA8-4AA5-8195-0848F79F8380}.Debug|ARM.Deploy.0 = Debug|Any CPU
		{FE43EDA4-4DA8-4AA5-8195-0848F79F8380}.Debug|iPhone.ActiveCfg = Debug|Any CPU
		{FE43EDA4-4DA8-4AA5-8195-0848F79F8380}.Debug|iPhone.Build.0 = Debug|Any CPU
		{FE43EDA4-4DA8-4AA5-8195-0848F79F8380}.Debug|iPhone.Deploy.0 = Debug|Any CPU
		{FE43EDA4-4DA8-4AA5-8195-0848F79F8380}.Debug|iPhoneSimulator.ActiveCfg = Debug|Any CPU
		{FE43EDA4-4DA8-4AA5-8195-0848F79F8380}.Debug|iPhoneSimulator.Build.0 = Debug|Any CPU
		{FE43EDA4-4DA8-4AA5-8195-0848F79F8380}.Debug|iPhoneSimulator.Deploy.0 = Debug|Any CPU
		{FE43EDA4-4DA8-4AA5-8195-0848F79F8380}.Debug|x64.ActiveCfg = Debug|Any CPU
		{FE43EDA4-4DA8-4AA5-8195-0848F79F8380}.Debug|x64.Build.0 = Debug|Any CPU
		{FE43EDA4-4DA8-4AA5-8195-0848F79F8380}.Debug|x64.Deploy.0 = Debug|Any CPU
		{FE43EDA4-4DA8-4AA5-8195-0848F79F8380}.Debug|x86.ActiveCfg = Debug|Any CPU
		{FE43EDA4-4DA8-4AA5-8195-0848F79F8380}.Debug|x86.Build.0 = Debug|Any CPU
		{FE43EDA4-4DA8-4AA5-8195-0848F79F8380}.Debug|x86.Deploy.0 = Debug|Any CPU
		{FE43EDA4-4DA8-4AA5-8195-0848F79F8380}.Release|Any CPU.ActiveCfg = Release|Any CPU
		{FE43EDA4-4DA8-4AA5-8195-0848F79F8380}.Release|Any CPU.Build.0 = Release|Any CPU
		{FE43EDA4-4DA8-4AA5-8195-0848F79F8380}.Release|Any CPU.Deploy.0 = Release|Any CPU
		{FE43EDA4-4DA8-4AA5-8195-0848F79F8380}.Release|ARM.ActiveCfg = Release|Any CPU
		{FE43EDA4-4DA8-4AA5-8195-0848F79F8380}.Release|ARM.Build.0 = Release|Any CPU
		{FE43EDA4-4DA8-4AA5-8195-0848F79F8380}.Release|ARM.Deploy.0 = Release|Any CPU
		{FE43EDA4-4DA8-4AA5-8195-0848F79F8380}.Release|iPhone.ActiveCfg = Release|Any CPU
		{FE43EDA4-4DA8-4AA5-8195-0848F79F8380}.Release|iPhone.Build.0 = Release|Any CPU
		{FE43EDA4-4DA8-4AA5-8195-0848F79F8380}.Release|iPhone.Deploy.0 = Release|Any CPU
		{FE43EDA4-4DA8-4AA5-8195-0848F79F8380}.Release|iPhoneSimulator.ActiveCfg = Release|Any CPU
		{FE43EDA4-4DA8-4AA5-8195-0848F79F8380}.Release|iPhoneSimulator.Build.0 = Release|Any CPU
		{FE43EDA4-4DA8-4AA5-8195-0848F79F8380}.Release|iPhoneSimulator.Deploy.0 = Release|Any CPU
		{FE43EDA4-4DA8-4AA5-8195-0848F79F8380}.Release|x64.ActiveCfg = Release|Any CPU
		{FE43EDA4-4DA8-4AA5-8195-0848F79F8380}.Release|x64.Build.0 = Release|Any CPU
		{FE43EDA4-4DA8-4AA5-8195-0848F79F8380}.Release|x64.Deploy.0 = Release|Any CPU
		{FE43EDA4-4DA8-4AA5-8195-0848F79F8380}.Release|x86.ActiveCfg = Release|Any CPU
		{FE43EDA4-4DA8-4AA5-8195-0848F79F8380}.Release|x86.Build.0 = Release|Any CPU
		{FE43EDA4-4DA8-4AA5-8195-0848F79F8380}.Release|x86.Deploy.0 = Release|Any CPU
		{26E7B6DD-AAF4-476F-9823-60C0C45EB52A}.Ad-Hoc|Any CPU.ActiveCfg = Release|Any CPU
		{26E7B6DD-AAF4-476F-9823-60C0C45EB52A}.Ad-Hoc|Any CPU.Build.0 = Release|Any CPU
		{26E7B6DD-AAF4-476F-9823-60C0C45EB52A}.Ad-Hoc|ARM.ActiveCfg = Release|Any CPU
		{26E7B6DD-AAF4-476F-9823-60C0C45EB52A}.Ad-Hoc|ARM.Build.0 = Release|Any CPU
		{26E7B6DD-AAF4-476F-9823-60C0C45EB52A}.Ad-Hoc|iPhone.ActiveCfg = Release|Any CPU
		{26E7B6DD-AAF4-476F-9823-60C0C45EB52A}.Ad-Hoc|iPhone.Build.0 = Release|Any CPU
		{26E7B6DD-AAF4-476F-9823-60C0C45EB52A}.Ad-Hoc|iPhoneSimulator.ActiveCfg = Release|Any CPU
		{26E7B6DD-AAF4-476F-9823-60C0C45EB52A}.Ad-Hoc|iPhoneSimulator.Build.0 = Release|Any CPU
		{26E7B6DD-AAF4-476F-9823-60C0C45EB52A}.Ad-Hoc|x64.ActiveCfg = Release|Any CPU
		{26E7B6DD-AAF4-476F-9823-60C0C45EB52A}.Ad-Hoc|x64.Build.0 = Release|Any CPU
		{26E7B6DD-AAF4-476F-9823-60C0C45EB52A}.Ad-Hoc|x86.ActiveCfg = Release|Any CPU
		{26E7B6DD-AAF4-476F-9823-60C0C45EB52A}.Ad-Hoc|x86.Build.0 = Release|Any CPU
		{26E7B6DD-AAF4-476F-9823-60C0C45EB52A}.AppStore|Any CPU.ActiveCfg = Release|Any CPU
		{26E7B6DD-AAF4-476F-9823-60C0C45EB52A}.AppStore|Any CPU.Build.0 = Release|Any CPU
		{26E7B6DD-AAF4-476F-9823-60C0C45EB52A}.AppStore|ARM.ActiveCfg = Release|Any CPU
		{26E7B6DD-AAF4-476F-9823-60C0C45EB52A}.AppStore|ARM.Build.0 = Release|Any CPU
		{26E7B6DD-AAF4-476F-9823-60C0C45EB52A}.AppStore|iPhone.ActiveCfg = Release|Any CPU
		{26E7B6DD-AAF4-476F-9823-60C0C45EB52A}.AppStore|iPhone.Build.0 = Release|Any CPU
		{26E7B6DD-AAF4-476F-9823-60C0C45EB52A}.AppStore|iPhoneSimulator.ActiveCfg = Release|Any CPU
		{26E7B6DD-AAF4-476F-9823-60C0C45EB52A}.AppStore|iPhoneSimulator.Build.0 = Release|Any CPU
		{26E7B6DD-AAF4-476F-9823-60C0C45EB52A}.AppStore|x64.ActiveCfg = Release|Any CPU
		{26E7B6DD-AAF4-476F-9823-60C0C45EB52A}.AppStore|x64.Build.0 = Release|Any CPU
		{26E7B6DD-AAF4-476F-9823-60C0C45EB52A}.AppStore|x86.ActiveCfg = Release|Any CPU
		{26E7B6DD-AAF4-476F-9823-60C0C45EB52A}.AppStore|x86.Build.0 = Release|Any CPU
		{26E7B6DD-AAF4-476F-9823-60C0C45EB52A}.Debug|Any CPU.ActiveCfg = Debug|Any CPU
		{26E7B6DD-AAF4-476F-9823-60C0C45EB52A}.Debug|Any CPU.Build.0 = Debug|Any CPU
		{26E7B6DD-AAF4-476F-9823-60C0C45EB52A}.Debug|ARM.ActiveCfg = Debug|Any CPU
		{26E7B6DD-AAF4-476F-9823-60C0C45EB52A}.Debug|ARM.Build.0 = Debug|Any CPU
		{26E7B6DD-AAF4-476F-9823-60C0C45EB52A}.Debug|iPhone.ActiveCfg = Debug|Any CPU
		{26E7B6DD-AAF4-476F-9823-60C0C45EB52A}.Debug|iPhone.Build.0 = Debug|Any CPU
		{26E7B6DD-AAF4-476F-9823-60C0C45EB52A}.Debug|iPhoneSimulator.ActiveCfg = Debug|Any CPU
		{26E7B6DD-AAF4-476F-9823-60C0C45EB52A}.Debug|iPhoneSimulator.Build.0 = Debug|Any CPU
		{26E7B6DD-AAF4-476F-9823-60C0C45EB52A}.Debug|x64.ActiveCfg = Debug|Any CPU
		{26E7B6DD-AAF4-476F-9823-60C0C45EB52A}.Debug|x64.Build.0 = Debug|Any CPU
		{26E7B6DD-AAF4-476F-9823-60C0C45EB52A}.Debug|x86.ActiveCfg = Debug|Any CPU
		{26E7B6DD-AAF4-476F-9823-60C0C45EB52A}.Debug|x86.Build.0 = Debug|Any CPU
		{26E7B6DD-AAF4-476F-9823-60C0C45EB52A}.Release|Any CPU.ActiveCfg = Release|Any CPU
		{26E7B6DD-AAF4-476F-9823-60C0C45EB52A}.Release|Any CPU.Build.0 = Release|Any CPU
		{26E7B6DD-AAF4-476F-9823-60C0C45EB52A}.Release|ARM.ActiveCfg = Release|Any CPU
		{26E7B6DD-AAF4-476F-9823-60C0C45EB52A}.Release|ARM.Build.0 = Release|Any CPU
		{26E7B6DD-AAF4-476F-9823-60C0C45EB52A}.Release|iPhone.ActiveCfg = Release|Any CPU
		{26E7B6DD-AAF4-476F-9823-60C0C45EB52A}.Release|iPhone.Build.0 = Release|Any CPU
		{26E7B6DD-AAF4-476F-9823-60C0C45EB52A}.Release|iPhoneSimulator.ActiveCfg = Release|Any CPU
		{26E7B6DD-AAF4-476F-9823-60C0C45EB52A}.Release|iPhoneSimulator.Build.0 = Release|Any CPU
		{26E7B6DD-AAF4-476F-9823-60C0C45EB52A}.Release|x64.ActiveCfg = Release|Any CPU
		{26E7B6DD-AAF4-476F-9823-60C0C45EB52A}.Release|x64.Build.0 = Release|Any CPU
		{26E7B6DD-AAF4-476F-9823-60C0C45EB52A}.Release|x86.ActiveCfg = Release|Any CPU
		{26E7B6DD-AAF4-476F-9823-60C0C45EB52A}.Release|x86.Build.0 = Release|Any CPU
		{BCC29EA9-8667-4631-85DF-D5C07771D3EB}.Ad-Hoc|Any CPU.ActiveCfg = Release|x86
		{BCC29EA9-8667-4631-85DF-D5C07771D3EB}.Ad-Hoc|Any CPU.Build.0 = Release|x86
		{BCC29EA9-8667-4631-85DF-D5C07771D3EB}.Ad-Hoc|Any CPU.Deploy.0 = Release|x86
		{BCC29EA9-8667-4631-85DF-D5C07771D3EB}.Ad-Hoc|ARM.ActiveCfg = Release|ARM
		{BCC29EA9-8667-4631-85DF-D5C07771D3EB}.Ad-Hoc|ARM.Build.0 = Release|ARM
		{BCC29EA9-8667-4631-85DF-D5C07771D3EB}.Ad-Hoc|ARM.Deploy.0 = Release|ARM
		{BCC29EA9-8667-4631-85DF-D5C07771D3EB}.Ad-Hoc|iPhone.ActiveCfg = Release|x86
		{BCC29EA9-8667-4631-85DF-D5C07771D3EB}.Ad-Hoc|iPhone.Build.0 = Release|x86
		{BCC29EA9-8667-4631-85DF-D5C07771D3EB}.Ad-Hoc|iPhone.Deploy.0 = Release|x86
		{BCC29EA9-8667-4631-85DF-D5C07771D3EB}.Ad-Hoc|iPhoneSimulator.ActiveCfg = Release|x86
		{BCC29EA9-8667-4631-85DF-D5C07771D3EB}.Ad-Hoc|iPhoneSimulator.Build.0 = Release|x86
		{BCC29EA9-8667-4631-85DF-D5C07771D3EB}.Ad-Hoc|iPhoneSimulator.Deploy.0 = Release|x86
		{BCC29EA9-8667-4631-85DF-D5C07771D3EB}.Ad-Hoc|x64.ActiveCfg = Release|x64
		{BCC29EA9-8667-4631-85DF-D5C07771D3EB}.Ad-Hoc|x64.Build.0 = Release|x64
		{BCC29EA9-8667-4631-85DF-D5C07771D3EB}.Ad-Hoc|x64.Deploy.0 = Release|x64
		{BCC29EA9-8667-4631-85DF-D5C07771D3EB}.Ad-Hoc|x86.ActiveCfg = Release|x86
		{BCC29EA9-8667-4631-85DF-D5C07771D3EB}.Ad-Hoc|x86.Build.0 = Release|x86
		{BCC29EA9-8667-4631-85DF-D5C07771D3EB}.Ad-Hoc|x86.Deploy.0 = Release|x86
		{BCC29EA9-8667-4631-85DF-D5C07771D3EB}.AppStore|Any CPU.ActiveCfg = Release|x86
		{BCC29EA9-8667-4631-85DF-D5C07771D3EB}.AppStore|Any CPU.Build.0 = Release|x86
		{BCC29EA9-8667-4631-85DF-D5C07771D3EB}.AppStore|Any CPU.Deploy.0 = Release|x86
		{BCC29EA9-8667-4631-85DF-D5C07771D3EB}.AppStore|ARM.ActiveCfg = Release|ARM
		{BCC29EA9-8667-4631-85DF-D5C07771D3EB}.AppStore|ARM.Build.0 = Release|ARM
		{BCC29EA9-8667-4631-85DF-D5C07771D3EB}.AppStore|ARM.Deploy.0 = Release|ARM
		{BCC29EA9-8667-4631-85DF-D5C07771D3EB}.AppStore|iPhone.ActiveCfg = Release|x86
		{BCC29EA9-8667-4631-85DF-D5C07771D3EB}.AppStore|iPhone.Build.0 = Release|x86
		{BCC29EA9-8667-4631-85DF-D5C07771D3EB}.AppStore|iPhone.Deploy.0 = Release|x86
		{BCC29EA9-8667-4631-85DF-D5C07771D3EB}.AppStore|iPhoneSimulator.ActiveCfg = Release|x86
		{BCC29EA9-8667-4631-85DF-D5C07771D3EB}.AppStore|iPhoneSimulator.Build.0 = Release|x86
		{BCC29EA9-8667-4631-85DF-D5C07771D3EB}.AppStore|iPhoneSimulator.Deploy.0 = Release|x86
		{BCC29EA9-8667-4631-85DF-D5C07771D3EB}.AppStore|x64.ActiveCfg = Release|x64
		{BCC29EA9-8667-4631-85DF-D5C07771D3EB}.AppStore|x64.Build.0 = Release|x64
		{BCC29EA9-8667-4631-85DF-D5C07771D3EB}.AppStore|x64.Deploy.0 = Release|x64
		{BCC29EA9-8667-4631-85DF-D5C07771D3EB}.AppStore|x86.ActiveCfg = Release|x86
		{BCC29EA9-8667-4631-85DF-D5C07771D3EB}.AppStore|x86.Build.0 = Release|x86
		{BCC29EA9-8667-4631-85DF-D5C07771D3EB}.AppStore|x86.Deploy.0 = Release|x86
		{BCC29EA9-8667-4631-85DF-D5C07771D3EB}.Debug|Any CPU.ActiveCfg = Debug|x86
		{BCC29EA9-8667-4631-85DF-D5C07771D3EB}.Debug|ARM.ActiveCfg = Debug|ARM
		{BCC29EA9-8667-4631-85DF-D5C07771D3EB}.Debug|ARM.Build.0 = Debug|ARM
		{BCC29EA9-8667-4631-85DF-D5C07771D3EB}.Debug|ARM.Deploy.0 = Debug|ARM
		{BCC29EA9-8667-4631-85DF-D5C07771D3EB}.Debug|iPhone.ActiveCfg = Debug|x86
		{BCC29EA9-8667-4631-85DF-D5C07771D3EB}.Debug|iPhoneSimulator.ActiveCfg = Debug|x86
		{BCC29EA9-8667-4631-85DF-D5C07771D3EB}.Debug|x64.ActiveCfg = Debug|x64
		{BCC29EA9-8667-4631-85DF-D5C07771D3EB}.Debug|x64.Build.0 = Debug|x64
		{BCC29EA9-8667-4631-85DF-D5C07771D3EB}.Debug|x64.Deploy.0 = Debug|x64
		{BCC29EA9-8667-4631-85DF-D5C07771D3EB}.Debug|x86.ActiveCfg = Debug|x86
		{BCC29EA9-8667-4631-85DF-D5C07771D3EB}.Debug|x86.Build.0 = Debug|x86
		{BCC29EA9-8667-4631-85DF-D5C07771D3EB}.Debug|x86.Deploy.0 = Debug|x86
		{BCC29EA9-8667-4631-85DF-D5C07771D3EB}.Release|Any CPU.ActiveCfg = Release|x86
		{BCC29EA9-8667-4631-85DF-D5C07771D3EB}.Release|ARM.ActiveCfg = Release|ARM
		{BCC29EA9-8667-4631-85DF-D5C07771D3EB}.Release|ARM.Build.0 = Release|ARM
		{BCC29EA9-8667-4631-85DF-D5C07771D3EB}.Release|ARM.Deploy.0 = Release|ARM
		{BCC29EA9-8667-4631-85DF-D5C07771D3EB}.Release|iPhone.ActiveCfg = Release|x86
		{BCC29EA9-8667-4631-85DF-D5C07771D3EB}.Release|iPhoneSimulator.ActiveCfg = Release|x86
		{BCC29EA9-8667-4631-85DF-D5C07771D3EB}.Release|x64.ActiveCfg = Release|x64
		{BCC29EA9-8667-4631-85DF-D5C07771D3EB}.Release|x64.Build.0 = Release|x64
		{BCC29EA9-8667-4631-85DF-D5C07771D3EB}.Release|x64.Deploy.0 = Release|x64
		{BCC29EA9-8667-4631-85DF-D5C07771D3EB}.Release|x86.ActiveCfg = Release|x86
		{BCC29EA9-8667-4631-85DF-D5C07771D3EB}.Release|x86.Build.0 = Release|x86
		{BCC29EA9-8667-4631-85DF-D5C07771D3EB}.Release|x86.Deploy.0 = Release|x86
		{7FB320DD-C8C0-4F94-949D-1C32C1795E86}.Ad-Hoc|Any CPU.ActiveCfg = Ad-Hoc|iPhone
		{7FB320DD-C8C0-4F94-949D-1C32C1795E86}.Ad-Hoc|ARM.ActiveCfg = Ad-Hoc|iPhone
		{7FB320DD-C8C0-4F94-949D-1C32C1795E86}.Ad-Hoc|iPhone.ActiveCfg = Ad-Hoc|iPhone
		{7FB320DD-C8C0-4F94-949D-1C32C1795E86}.Ad-Hoc|iPhone.Build.0 = Ad-Hoc|iPhone
		{7FB320DD-C8C0-4F94-949D-1C32C1795E86}.Ad-Hoc|iPhoneSimulator.ActiveCfg = Ad-Hoc|iPhoneSimulator
		{7FB320DD-C8C0-4F94-949D-1C32C1795E86}.Ad-Hoc|iPhoneSimulator.Build.0 = Ad-Hoc|iPhoneSimulator
		{7FB320DD-C8C0-4F94-949D-1C32C1795E86}.Ad-Hoc|x64.ActiveCfg = Ad-Hoc|iPhone
		{7FB320DD-C8C0-4F94-949D-1C32C1795E86}.Ad-Hoc|x86.ActiveCfg = Ad-Hoc|iPhone
		{7FB320DD-C8C0-4F94-949D-1C32C1795E86}.AppStore|Any CPU.ActiveCfg = AppStore|iPhone
		{7FB320DD-C8C0-4F94-949D-1C32C1795E86}.AppStore|ARM.ActiveCfg = AppStore|iPhone
		{7FB320DD-C8C0-4F94-949D-1C32C1795E86}.AppStore|iPhone.ActiveCfg = AppStore|iPhone
		{7FB320DD-C8C0-4F94-949D-1C32C1795E86}.AppStore|iPhone.Build.0 = AppStore|iPhone
		{7FB320DD-C8C0-4F94-949D-1C32C1795E86}.AppStore|iPhoneSimulator.ActiveCfg = AppStore|iPhoneSimulator
		{7FB320DD-C8C0-4F94-949D-1C32C1795E86}.AppStore|iPhoneSimulator.Build.0 = AppStore|iPhoneSimulator
		{7FB320DD-C8C0-4F94-949D-1C32C1795E86}.AppStore|x64.ActiveCfg = AppStore|iPhone
		{7FB320DD-C8C0-4F94-949D-1C32C1795E86}.AppStore|x86.ActiveCfg = AppStore|iPhone
		{7FB320DD-C8C0-4F94-949D-1C32C1795E86}.Debug|Any CPU.ActiveCfg = Debug|iPhone
		{7FB320DD-C8C0-4F94-949D-1C32C1795E86}.Debug|ARM.ActiveCfg = Debug|iPhone
		{7FB320DD-C8C0-4F94-949D-1C32C1795E86}.Debug|iPhone.ActiveCfg = Debug|iPhone
		{7FB320DD-C8C0-4F94-949D-1C32C1795E86}.Debug|iPhone.Build.0 = Debug|iPhone
		{7FB320DD-C8C0-4F94-949D-1C32C1795E86}.Debug|iPhoneSimulator.ActiveCfg = Debug|iPhoneSimulator
		{7FB320DD-C8C0-4F94-949D-1C32C1795E86}.Debug|iPhoneSimulator.Build.0 = Debug|iPhoneSimulator
		{7FB320DD-C8C0-4F94-949D-1C32C1795E86}.Debug|x64.ActiveCfg = Debug|iPhone
		{7FB320DD-C8C0-4F94-949D-1C32C1795E86}.Debug|x86.ActiveCfg = Debug|iPhone
		{7FB320DD-C8C0-4F94-949D-1C32C1795E86}.Release|Any CPU.ActiveCfg = Release|iPhone
		{7FB320DD-C8C0-4F94-949D-1C32C1795E86}.Release|ARM.ActiveCfg = Release|iPhone
		{7FB320DD-C8C0-4F94-949D-1C32C1795E86}.Release|iPhone.ActiveCfg = Release|iPhone
		{7FB320DD-C8C0-4F94-949D-1C32C1795E86}.Release|iPhone.Build.0 = Release|iPhone
		{7FB320DD-C8C0-4F94-949D-1C32C1795E86}.Release|iPhoneSimulator.ActiveCfg = Release|iPhoneSimulator
		{7FB320DD-C8C0-4F94-949D-1C32C1795E86}.Release|iPhoneSimulator.Build.0 = Release|iPhoneSimulator
		{7FB320DD-C8C0-4F94-949D-1C32C1795E86}.Release|x64.ActiveCfg = Release|iPhone
		{7FB320DD-C8C0-4F94-949D-1C32C1795E86}.Release|x86.ActiveCfg = Release|iPhone
	EndGlobalSection
	GlobalSection(SolutionProperties) = preSolution
		HideSolutionNode = FALSE
	EndGlobalSection
	GlobalSection(ExtensibilityGlobals) = postSolution
		SolutionGuid = {BF559E8E-FC3C-45BA-A20E-9057BE35CEA6}
	EndGlobalSection
EndGlobal
